Microsoft Visual Studio Solution File, Format Version 11.00
# Visual Studio 2008

Project("{928008FE-37DE-4B64-6A66-328C28FBEB7C}") = "HabraTutPro", "Assembly-CSharp.csproj", "{26528264-13CF-5EC5-FFAB-1EEBC1A77CB4}"
EndProject
Global
	GlobalSection(SolutionConfigurationPlatforms) = preSolution
		Debug|Any CPU = Debug|Any CPU
		Release|Any CPU = Release|Any CPU
	EndGlobalSection
	GlobalSection(ProjectConfigurationPlatforms) = postSolution
		{26528264-13CF-5EC5-FFAB-1EEBC1A77CB4}.Debug|Any CPU.ActiveCfg = Debug|Any CPU
		{26528264-13CF-5EC5-FFAB-1EEBC1A77CB4}.Debug|Any CPU.Build.0 = Debug|Any CPU
		{26528264-13CF-5EC5-FFAB-1EEBC1A77CB4}.Release|Any CPU.ActiveCfg = Release|Any CPU
		{26528264-13CF-5EC5-FFAB-1EEBC1A77CB4}.Release|Any CPU.Build.0 = Release|Any CPU
	EndGlobalSection
	GlobalSection(SolutionProperties) = preSolution
		HideSolutionNode = FALSE
	EndGlobalSection
	GlobalSection(MonoDevelopProperties) = preSolution
		StartupItem = Assembly-CSharp.csproj
		Policies = $0
		$0.TextStylePolicy = $1
		$1.inheritsSet = null
		$1.scope = text/x-csharp
		$0.CSharpFormattingPolicy = $2
		$2.inheritsSet = Mono
		$2.inheritsScope = text/x-csharp
		$2.scope = text/x-csharp
		$0.TextStylePolicy = $3
		$3.FileWidth = 120
		$3.TabWidth = 4
		$3.EolMarker = Unix
		$3.inheritsSet = Mono
		$3.inheritsScope = text/plain
		$3.scope = text/plain
	EndGlobalSection
EndGlobal
